
Microsoft Visual Studio Solution File, Format Version 12.00
# Visual Studio Version 16
VisualStudioVersion = 16.0.32802.440
MinimumVisualStudioVersion = 10.0.40219.1
Project("{FAE04EC0-301F-11D3-BF4B-00C04F79EFBC}") = "AirWebService(UAT)", "AirWebService(UAT).csproj", "{A3F19F64-93A8-4A48-9A8D-72C27CBC44B7}"
EndProject
Project("{FAE04EC0-301F-11D3-BF4B-00C04F79EFBC}") = "MailWebService", "..\MailWebService\MailWebService.csproj", "{4BB91036-4634-46B4-ACD7-C9A47EB59D2E}"
EndProject
Global
	GlobalSection(SolutionConfigurationPlatforms) = preSolution
		Debug|Any CPU = Debug|Any CPU
		Release|Any CPU = Release|Any CPU
	EndGlobalSection
	GlobalSection(ProjectConfigurationPlatforms) = postSolution
		{A3F19F64-93A8-4A48-9A8D-72C27CBC44B7}.Debug|Any CPU.ActiveCfg = Debug|Any CPU
		{A3F19F64-93A8-4A48-9A8D-72C27CBC44B7}.Debug|Any CPU.Build.0 = Debug|Any CPU
		{A3F19F64-93A8-4A48-9A8D-72C27CBC44B7}.Release|Any CPU.ActiveCfg = Release|Any CPU
		{A3F19F64-93A8-4A48-9A8D-72C27CBC44B7}.Release|Any CPU.Build.0 = Release|Any CPU
		{4BB91036-4634-46B4-ACD7-C9A47EB59D2E}.Debug|Any CPU.ActiveCfg = Debug|Any CPU
		{4BB91036-4634-46B4-ACD7-C9A47EB59D2E}.Debug|Any CPU.Build.0 = Debug|Any CPU
		{4BB91036-4634-46B4-ACD7-C9A47EB59D2E}.Release|Any CPU.ActiveCfg = Release|Any CPU
		{4BB91036-4634-46B4-ACD7-C9A47EB59D2E}.Release|Any CPU.Build.0 = Release|Any CPU
	EndGlobalSection
	GlobalSection(SolutionProperties) = preSolution
		HideSolutionNode = FALSE
	EndGlobalSection
	GlobalSection(ExtensibilityGlobals) = postSolution
		SolutionGuid = {8E529D9F-BE56-4927-8295-7F9D4C743543}
	EndGlobalSection
EndGlobal
